<?xml version="1.0" encoding="utf-8"?>
<Project ToolsVersion="4.0" xmlns="http://schemas.microsoft.com/developer/msbuild/2003">
  <ItemGroup>
    <ClCompile Include="user_struct.cpp" />
    <ClCompile Include="file.cpp" />
    <ClCompile Include="reader.cpp" />
    <ClCompile Include="token.cpp" />
    <ClCompile Include="main.cpp" />
  </ItemGroup>
  <ItemGroup>
    <ClInclude Include="user_struct.h" />
    <ClInclude Include="file.h" />
    <ClInclude Include="reader.h" />
    <ClInclude Include="serializeable.h" />
    <ClInclude Include="token.h" />
  </ItemGroup>
</Project>